
Microsoft Visual Studio Solution File, Format Version 12.00
# Visual Studio Version 17
VisualStudioVersion = 17.10.35027.167
MinimumVisualStudioVersion = 10.0.40219.1
Project("{FAE04EC0-301F-11D3-BF4B-00C04F79EFBC}") = "Bankomat", "Bankomat\Bankomat.csproj", "{FF50DBFB-1C64-418A-9D60-89EF8BF88B01}"
EndProject
Global
	GlobalSection(SolutionConfigurationPlatforms) = preSolution
		Debug|Any CPU = Debug|Any CPU
		Release|Any CPU = Release|Any CPU
	EndGlobalSection
	GlobalSection(ProjectConfigurationPlatforms) = postSolution
		{FF50DBFB-1C64-418A-9D60-89EF8BF88B01}.Debug|Any CPU.ActiveCfg = Debug|Any CPU
		{FF50DBFB-1C64-418A-9D60-89EF8BF88B01}.Debug|Any CPU.Build.0 = Debug|Any CPU
		{FF50DBFB-1C64-418A-9D60-89EF8BF88B01}.Release|Any CPU.ActiveCfg = Release|Any CPU
		{FF50DBFB-1C64-418A-9D60-89EF8BF88B01}.Release|Any CPU.Build.0 = Release|Any CPU
	EndGlobalSection
	GlobalSection(SolutionProperties) = preSolution
		HideSolutionNode = FALSE
	EndGlobalSection
	GlobalSection(ExtensibilityGlobals) = postSolution
		SolutionGuid = {F0DAEE36-4C7B-4B4C-BF22-44BE504728A1}
	EndGlobalSection
EndGlobal
